PODS:
  - Hyphenate (3.3.7)
  - Masonry (1.1.0)
  - UMengAnalytics-NO-IDFA (4.2.5)

DEPENDENCIES:
  - Hyphenate
  - Masonry
  - UMengAnalytics-NO-IDFA

SPEC REPOS:
  trunk:
    - Hyphenate
    - Masonry
    - UMengAnalytics-NO-IDFA

SPEC CHECKSUMS:
  Hyphenate: 81e9566bf45e2c8a4a24a7750c9eeab25ad7497b
  Masonry: 678fab65091a9290e40e2832a55e7ab731aad201
  UMengAnalytics-NO-IDFA: 16666e32edce5be44ae5b14aaaa7f3582e09d6ab

PODFILE CHECKSUM: 44f21f4b609ea5c9406e14ed1eb67e4630c1e162

COCOAPODS: 1.9.3
